
Microsoft Visual Studio Solution File, Format Version 12.00
# Visual Studio Version 16
VisualStudioVersion = 16.0.31613.86
MinimumVisualStudioVersion = 10.0.40219.1
Project("{FAE04EC0-301F-11D3-BF4B-00C04F79EFBC}") = "Portal.IO", "Portal.IO\Portal.IO.csproj", "{51087B33-C58B-47BA-BE8B-1380F9DB74D3}"
EndProject
Global
	GlobalSection(SolutionConfigurationPlatforms) = preSolution
		Debug|Any CPU = Debug|Any CPU
		Release|Any CPU = Release|Any CPU
	EndGlobalSection
	GlobalSection(ProjectConfigurationPlatforms) = postSolution
		{51087B33-C58B-47BA-BE8B-1380F9DB74D3}.Debug|Any CPU.ActiveCfg = Debug|Any CPU
		{51087B33-C58B-47BA-BE8B-1380F9DB74D3}.Debug|Any CPU.Build.0 = Debug|Any CPU
		{51087B33-C58B-47BA-BE8B-1380F9DB74D3}.Release|Any CPU.ActiveCfg = Release|Any CPU
		{51087B33-C58B-47BA-BE8B-1380F9DB74D3}.Release|Any CPU.Build.0 = Release|Any CPU
	EndGlobalSection
	GlobalSection(SolutionProperties) = preSolution
		HideSolutionNode = FALSE
	EndGlobalSection
	GlobalSection(ExtensibilityGlobals) = postSolution
		SolutionGuid = {7B06F6D6-EC39-41BC-AE7D-6F4BBEF1A93E}
	EndGlobalSection
EndGlobal
